
Microsoft Visual Studio Solution File, Format Version 12.00
# Visual Studio 14
VisualStudioVersion = 14.0.25420.1
MinimumVisualStudioVersion = 10.0.40219.1
Project("{D954291E-2A0B-460D-934E-DC6B0785DB48}") = "BindablePicker", "BindablePicker\BindablePicker\BindablePicker.shproj", "{E557A475-5F0B-4329-933E-1CFA4A0DF8A2}"
EndProject
Project("{FAE04EC0-301F-11D3-BF4B-00C04F79EFBC}") = "BindablePicker.Droid", "BindablePicker\BindablePicker.Droid\BindablePicker.Droid.csproj", "{29A7CF75-1AB8-4006-9E16-621EAEC3A3CF}"
EndProject
Project("{FAE04EC0-301F-11D3-BF4B-00C04F79EFBC}") = "BindablePicker.iOS", "BindablePicker\BindablePicker.iOS\BindablePicker.iOS.csproj", "{E28E37B1-D1D0-44BF-B8C8-E563A30FC29B}"
EndProject
Project("{FAE04EC0-301F-11D3-BF4B-00C04F79EFBC}") = "BindablePicker.WinPhone", "BindablePicker\BindablePicker.WinPhone\BindablePicker.WinPhone.csproj", "{02672747-CCDA-4A31-82FC-C61C57174965}"
EndProject
Project("{FAE04EC0-301F-11D3-BF4B-00C04F79EFBC}") = "BindablePicker.UWP", "BindablePicker\BindablePicker.UWP\BindablePicker.UWP.csproj", "{2921C7D4-C3D2-45AC-A5EE-E80E557E2891}"
EndProject
Project("{FAE04EC0-301F-11D3-BF4B-00C04F79EFBC}") = "BindablePicker.Windows", "BindablePicker\BindablePicker.Windows\BindablePicker.Windows.csproj", "{1A6423DE-5F99-4F9C-A73A-6225C42BC02D}"
EndProject
Global
	GlobalSection(SharedMSBuildProjectFiles) = preSolution
		BindablePicker\BindablePicker\BindablePicker.projitems*{29a7cf75-1ab8-4006-9e16-621eaec3a3cf}*SharedItemsImports = 4
		BindablePicker\BindablePicker\BindablePicker.projitems*{e28e37b1-d1d0-44bf-b8c8-e563a30fc29b}*SharedItemsImports = 4
		BindablePicker\BindablePicker\BindablePicker.projitems*{e557a475-5f0b-4329-933e-1cfa4a0df8a2}*SharedItemsImports = 13
	EndGlobalSection
	GlobalSection(SolutionConfigurationPlatforms) = preSolution
		Ad-Hoc|Any CPU = Ad-Hoc|Any CPU
		Ad-Hoc|ARM = Ad-Hoc|ARM
		Ad-Hoc|iPhone = Ad-Hoc|iPhone
		Ad-Hoc|iPhoneSimulator = Ad-Hoc|iPhoneSimulator
		Ad-Hoc|x64 = Ad-Hoc|x64
		Ad-Hoc|x86 = Ad-Hoc|x86
		AppStore|Any CPU = AppStore|Any CPU
		AppStore|ARM = AppStore|ARM
		AppStore|iPhone = AppStore|iPhone
		AppStore|iPhoneSimulator = AppStore|iPhoneSimulator
		AppStore|x64 = AppStore|x64
		AppStore|x86 = AppStore|x86
		Debug|Any CPU = Debug|Any CPU
		Debug|ARM = Debug|ARM
		Debug|iPhone = Debug|iPhone
		Debug|iPhoneSimulator = Debug|iPhoneSimulator
		Debug|x64 = Debug|x64
		Debug|x86 = Debug|x86
		Release|Any CPU = Release|Any CPU
		Release|ARM = Release|ARM
		Release|iPhone = Release|iPhone
		Release|iPhoneSimulator = Release|iPhoneSimulator
		Release|x64 = Release|x64
		Release|x86 = Release|x86
	EndGlobalSection
	GlobalSection(ProjectConfigurationPlatforms) = postSolution
		{29A7CF75-1AB8-4006-9E16-621EAEC3A3CF}.Ad-Hoc|Any CPU.ActiveCfg = Release|Any CPU
		{29A7CF75-1AB8-4006-9E16-621EAEC3A3CF}.Ad-Hoc|Any CPU.Build.0 = Release|Any CPU
		{29A7CF75-1AB8-4006-9E16-621EAEC3A3CF}.Ad-Hoc|Any CPU.Deploy.0 = Release|Any CPU
		{29A7CF75-1AB8-4006-9E16-621EAEC3A3CF}.Ad-Hoc|ARM.ActiveCfg = Release|Any CPU
		{29A7CF75-1AB8-4006-9E16-621EAEC3A3CF}.Ad-Hoc|ARM.Build.0 = Release|Any CPU
		{29A7CF75-1AB8-4006-9E16-621EAEC3A3CF}.Ad-Hoc|ARM.Deploy.0 = Release|Any CPU
		{29A7CF75-1AB8-4006-9E16-621EAEC3A3CF}.Ad-Hoc|iPhone.ActiveCfg = Release|Any CPU
		{29A7CF75-1AB8-4006-9E16-621EAEC3A3CF}.Ad-Hoc|iPhone.Build.0 = Release|Any CPU
		{29A7CF75-1AB8-4006-9E16-621EAEC3A3CF}.Ad-Hoc|iPhone.Deploy.0 = Release|Any CPU
		{29A7CF75-1AB8-4006-9E16-621EAEC3A3CF}.Ad-Hoc|iPhoneSimulator.ActiveCfg = Release|Any CPU
		{29A7CF75-1AB8-4006-9E16-621EAEC3A3CF}.Ad-Hoc|iPhoneSimulator.Build.0 = Release|Any CPU
		{29A7CF75-1AB8-4006-9E16-621EAEC3A3CF}.Ad-Hoc|iPhoneSimulator.Deploy.0 = Release|Any CPU
		{29A7CF75-1AB8-4006-9E16-621EAEC3A3CF}.Ad-Hoc|x64.ActiveCfg = Release|Any CPU
		{29A7CF75-1AB8-4006-9E16-621EAEC3A3CF}.Ad-Hoc|x64.Build.0 = Release|Any CPU
		{29A7CF75-1AB8-4006-9E16-621EAEC3A3CF}.Ad-Hoc|x64.Deploy.0 = Release|Any CPU
		{29A7CF75-1AB8-4006-9E16-621EAEC3A3CF}.Ad-Hoc|x86.ActiveCfg = Release|Any CPU
		{29A7CF75-1AB8-4006-9E16-621EAEC3A3CF}.Ad-Hoc|x86.Build.0 = Release|Any CPU
		{29A7CF75-1AB8-4006-9E16-621EAEC3A3CF}.Ad-Hoc|x86.Deploy.0 = Release|Any CPU
		{29A7CF75-1AB8-4006-9E16-621EAEC3A3CF}.AppStore|Any CPU.ActiveCfg = Release|Any CPU
		{29A7CF75-1AB8-4006-9E16-621EAEC3A3CF}.AppStore|Any CPU.Build.0 = Release|Any CPU
		{29A7CF75-1AB8-4006-9E16-621EAEC3A3CF}.AppStore|Any CPU.Deploy.0 = Release|Any CPU
		{29A7CF75-1AB8-4006-9E16-621EAEC3A3CF}.AppStore|ARM.ActiveCfg = Release|Any CPU
		{29A7CF75-1AB8-4006-9E16-621EAEC3A3CF}.AppStore|ARM.Build.0 = Release|Any CPU
		{29A7CF75-1AB8-4006-9E16-621EAEC3A3CF}.AppStore|ARM.Deploy.0 = Release|Any CPU
		{29A7CF75-1AB8-4006-9E16-621EAEC3A3CF}.AppStore|iPhone.ActiveCfg = Release|Any CPU
		{29A7CF75-1AB8-4006-9E16-621EAEC3A3CF}.AppStore|iPhone.Build.0 = Release|Any CPU
		{29A7CF75-1AB8-4006-9E16-621EAEC3A3CF}.AppStore|iPhone.Deploy.0 = Release|Any CPU
		{29A7CF75-1AB8-4006-9E16-621EAEC3A3CF}.AppStore|iPhoneSimulator.ActiveCfg = Release|Any CPU
		{29A7CF75-1AB8-4006-9E16-621EAEC3A3CF}.AppStore|iPhoneSimulator.Build.0 = Release|Any CPU
		{29A7CF75-1AB8-4006-9E16-621EAEC3A3CF}.AppStore|iPhoneSimulator.Deploy.0 = Release|Any CPU
		{29A7CF75-1AB8-4006-9E16-621EAEC3A3CF}.AppStore|x64.ActiveCfg = Release|Any CPU
		{29A7CF75-1AB8-4006-9E16-621EAEC3A3CF}.AppStore|x64.Build.0 = Release|Any CPU
		{29A7CF75-1AB8-4006-9E16-621EAEC3A3CF}.AppStore|x64.Deploy.0 = Release|Any CPU
		{29A7CF75-1AB8-4006-9E16-621EAEC3A3CF}.AppStore|x86.ActiveCfg = Release|Any CPU
		{29A7CF75-1AB8-4006-9E16-621EAEC3A3CF}.AppStore|x86.Build.0 = Release|Any CPU
		{29A7CF75-1AB8-4006-9E16-621EAEC3A3CF}.AppStore|x86.Deploy.0 = Release|Any CPU
		{29A7CF75-1AB8-4006-9E16-621EAEC3A3CF}.Debug|Any CPU.ActiveCfg = Debug|Any CPU
		{29A7CF75-1AB8-4006-9E16-621EAEC3A3CF}.Debug|Any CPU.Build.0 = Debug|Any CPU
		{29A7CF75-1AB8-4006-9E16-621EAEC3A3CF}.Debug|Any CPU.Deploy.0 = Debug|Any CPU
		{29A7CF75-1AB8-4006-9E16-621EAEC3A3CF}.Debug|ARM.ActiveCfg = Debug|Any CPU
		{29A7CF75-1AB8-4006-9E16-621EAEC3A3CF}.Debug|ARM.Build.0 = Debug|Any CPU
		{29A7CF75-1AB8-4006-9E16-621EAEC3A3CF}.Debug|ARM.Deploy.0 = Debug|Any CPU
		{29A7CF75-1AB8-4006-9E16-621EAEC3A3CF}.Debug|iPhone.ActiveCfg = Debug|Any CPU
		{29A7CF75-1AB8-4006-9E16-621EAEC3A3CF}.Debug|iPhone.Build.0 = Debug|Any CPU
		{29A7CF75-1AB8-4006-9E16-621EAEC3A3CF}.Debug|iPhone.Deploy.0 = Debug|Any CPU
		{29A7CF75-1AB8-4006-9E16-621EAEC3A3CF}.Debug|iPhoneSimulator.ActiveCfg = Debug|Any CPU
		{29A7CF75-1AB8-4006-9E16-621EAEC3A3CF}.Debug|iPhoneSimulator.Build.0 = Debug|Any CPU
		{29A7CF75-1AB8-4006-9E16-621EAEC3A3CF}.Debug|iPhoneSimulator.Deploy.0 = Debug|Any CPU
		{29A7CF75-1AB8-4006-9E16-621EAEC3A3CF}.Debug|x64.ActiveCfg = Debug|Any CPU
		{29A7CF75-1AB8-4006-9E16-621EAEC3A3CF}.Debug|x64.Build.0 = Debug|Any CPU
		{29A7CF75-1AB8-4006-9E16-621EAEC3A3CF}.Debug|x64.Deploy.0 = Debug|Any CPU
		{29A7CF75-1AB8-4006-9E16-621EAEC3A3CF}.Debug|x86.ActiveCfg = Debug|Any CPU
		{29A7CF75-1AB8-4006-9E16-621EAEC3A3CF}.Debug|x86.Build.0 = Debug|Any CPU
		{29A7CF75-1AB8-4006-9E16-621EAEC3A3CF}.Debug|x86.Deploy.0 = Debug|Any CPU
		{29A7CF75-1AB8-4006-9E16-621EAEC3A3CF}.Release|Any CPU.ActiveCfg = Release|Any CPU
		{29A7CF75-1AB8-4006-9E16-621EAEC3A3CF}.Release|Any CPU.Build.0 = Release|Any CPU
		{29A7CF75-1AB8-4006-9E16-621EAEC3A3CF}.Release|Any CPU.Deploy.0 = Release|Any CPU
		{29A7CF75-1AB8-4006-9E16-621EAEC3A3CF}.Release|ARM.ActiveCfg = Release|Any CPU
		{29A7CF75-1AB8-4006-9E16-621EAEC3A3CF}.Release|ARM.Build.0 = Release|Any CPU
		{29A7CF75-1AB8-4006-9E16-621EAEC3A3CF}.Release|ARM.Deploy.0 = Release|Any CPU
		{29A7CF75-1AB8-4006-9E16-621EAEC3A3CF}.Release|iPhone.ActiveCfg = Release|Any CPU
		{29A7CF75-1AB8-4006-9E16-621EAEC3A3CF}.Release|iPhone.Build.0 = Release|Any CPU
		{29A7CF75-1AB8-4006-9E16-621EAEC3A3CF}.Release|iPhone.Deploy.0 = Release|Any CPU
		{29A7CF75-1AB8-4006-9E16-621EAEC3A3CF}.Release|iPhoneSimulator.ActiveCfg = Release|Any CPU
		{29A7CF75-1AB8-4006-9E16-621EAEC3A3CF}.Release|iPhoneSimulator.Build.0 = Release|Any CPU
		{29A7CF75-1AB8-4006-9E16-621EAEC3A3CF}.Release|iPhoneSimulator.Deploy.0 = Release|Any CPU
		{29A7CF75-1AB8-4006-9E16-621EAEC3A3CF}.Release|x64.ActiveCfg = Release|Any CPU
		{29A7CF75-1AB8-4006-9E16-621EAEC3A3CF}.Release|x64.Build.0 = Release|Any CPU
		{29A7CF75-1AB8-4006-9E16-621EAEC3A3CF}.Release|x64.Deploy.0 = Release|Any CPU
		{29A7CF75-1AB8-4006-9E16-621EAEC3A3CF}.Release|x86.ActiveCfg = Release|Any CPU
		{29A7CF75-1AB8-4006-9E16-621EAEC3A3CF}.Release|x86.Build.0 = Release|Any CPU
		{29A7CF75-1AB8-4006-9E16-621EAEC3A3CF}.Release|x86.Deploy.0 = Release|Any CPU
		{E28E37B1-D1D0-44BF-B8C8-E563A30FC29B}.Ad-Hoc|Any CPU.ActiveCfg = Ad-Hoc|iPhone
		{E28E37B1-D1D0-44BF-B8C8-E563A30FC29B}.Ad-Hoc|ARM.ActiveCfg = Ad-Hoc|iPhone
		{E28E37B1-D1D0-44BF-B8C8-E563A30FC29B}.Ad-Hoc|iPhone.ActiveCfg = Ad-Hoc|iPhone
		{E28E37B1-D1D0-44BF-B8C8-E563A30FC29B}.Ad-Hoc|iPhone.Build.0 = Ad-Hoc|iPhone
		{E28E37B1-D1D0-44BF-B8C8-E563A30FC29B}.Ad-Hoc|iPhoneSimulator.ActiveCfg = Ad-Hoc|iPhoneSimulator
		{E28E37B1-D1D0-44BF-B8C8-E563A30FC29B}.Ad-Hoc|iPhoneSimulator.Build.0 = Ad-Hoc|iPhoneSimulator
		{E28E37B1-D1D0-44BF-B8C8-E563A30FC29B}.Ad-Hoc|x64.ActiveCfg = Ad-Hoc|iPhone
		{E28E37B1-D1D0-44BF-B8C8-E563A30FC29B}.Ad-Hoc|x86.ActiveCfg = Ad-Hoc|iPhone
		{E28E37B1-D1D0-44BF-B8C8-E563A30FC29B}.AppStore|Any CPU.ActiveCfg = AppStore|iPhone
		{E28E37B1-D1D0-44BF-B8C8-E563A30FC29B}.AppStore|ARM.ActiveCfg = AppStore|iPhone
		{E28E37B1-D1D0-44BF-B8C8-E563A30FC29B}.AppStore|iPhone.ActiveCfg = AppStore|iPhone
		{E28E37B1-D1D0-44BF-B8C8-E563A30FC29B}.AppStore|iPhone.Build.0 = AppStore|iPhone
		{E28E37B1-D1D0-44BF-B8C8-E563A30FC29B}.AppStore|iPhoneSimulator.ActiveCfg = AppStore|iPhoneSimulator
		{E28E37B1-D1D0-44BF-B8C8-E563A30FC29B}.AppStore|iPhoneSimulator.Build.0 = AppStore|iPhoneSimulator
		{E28E37B1-D1D0-44BF-B8C8-E563A30FC29B}.AppStore|x64.ActiveCfg = AppStore|iPhone
		{E28E37B1-D1D0-44BF-B8C8-E563A30FC29B}.AppStore|x86.ActiveCfg = AppStore|iPhone
		{E28E37B1-D1D0-44BF-B8C8-E563A30FC29B}.Debug|Any CPU.ActiveCfg = Debug|iPhone
		{E28E37B1-D1D0-44BF-B8C8-E563A30FC29B}.Debug|ARM.ActiveCfg = Debug|iPhone
		{E28E37B1-D1D0-44BF-B8C8-E563A30FC29B}.Debug|iPhone.ActiveCfg = Debug|iPhone
		{E28E37B1-D1D0-44BF-B8C8-E563A30FC29B}.Debug|iPhone.Build.0 = Debug|iPhone
		{E28E37B1-D1D0-44BF-B8C8-E563A30FC29B}.Debug|iPhoneSimulator.ActiveCfg = Debug|iPhoneSimulator
		{E28E37B1-D1D0-44BF-B8C8-E563A30FC29B}.Debug|iPhoneSimulator.Build.0 = Debug|iPhoneSimulator
		{E28E37B1-D1D0-44BF-B8C8-E563A30FC29B}.Debug|x64.ActiveCfg = Debug|iPhone
		{E28E37B1-D1D0-44BF-B8C8-E563A30FC29B}.Debug|x86.ActiveCfg = Debug|iPhone
		{E28E37B1-D1D0-44BF-B8C8-E563A30FC29B}.Release|Any CPU.ActiveCfg = Release|iPhone
		{E28E37B1-D1D0-44BF-B8C8-E563A30FC29B}.Release|ARM.ActiveCfg = Release|iPhone
		{E28E37B1-D1D0-44BF-B8C8-E563A30FC29B}.Release|iPhone.ActiveCfg = Release|iPhone
		{E28E37B1-D1D0-44BF-B8C8-E563A30FC29B}.Release|iPhone.Build.0 = Release|iPhone
		{E28E37B1-D1D0-44BF-B8C8-E563A30FC29B}.Release|iPhoneSimulator.ActiveCfg = Release|iPhoneSimulator
		{E28E37B1-D1D0-44BF-B8C8-E563A30FC29B}.Release|iPhoneSimulator.Build.0 = Release|iPhoneSimulator
		{E28E37B1-D1D0-44BF-B8C8-E563A30FC29B}.Release|x64.ActiveCfg = Release|iPhone
		{E28E37B1-D1D0-44BF-B8C8-E563A30FC29B}.Release|x86.ActiveCfg = Release|iPhone
		{02672747-CCDA-4A31-82FC-C61C57174965}.Ad-Hoc|Any CPU.ActiveCfg = Release|Any CPU
		{02672747-CCDA-4A31-82FC-C61C57174965}.Ad-Hoc|Any CPU.Build.0 = Release|Any CPU
		{02672747-CCDA-4A31-82FC-C61C57174965}.Ad-Hoc|Any CPU.Deploy.0 = Release|Any CPU
		{02672747-CCDA-4A31-82FC-C61C57174965}.Ad-Hoc|ARM.ActiveCfg = Release|ARM
		{02672747-CCDA-4A31-82FC-C61C57174965}.Ad-Hoc|ARM.Build.0 = Release|ARM
		{02672747-CCDA-4A31-82FC-C61C57174965}.Ad-Hoc|ARM.Deploy.0 = Release|ARM
		{02672747-CCDA-4A31-82FC-C61C57174965}.Ad-Hoc|iPhone.ActiveCfg = Release|Any CPU
		{02672747-CCDA-4A31-82FC-C61C57174965}.Ad-Hoc|iPhone.Build.0 = Release|Any CPU
		{02672747-CCDA-4A31-82FC-C61C57174965}.Ad-Hoc|iPhone.Deploy.0 = Release|Any CPU
		{02672747-CCDA-4A31-82FC-C61C57174965}.Ad-Hoc|iPhoneSimulator.ActiveCfg = Release|Any CPU
		{02672747-CCDA-4A31-82FC-C61C57174965}.Ad-Hoc|iPhoneSimulator.Build.0 = Release|Any CPU
		{02672747-CCDA-4A31-82FC-C61C57174965}.Ad-Hoc|iPhoneSimulator.Deploy.0 = Release|Any CPU
		{02672747-CCDA-4A31-82FC-C61C57174965}.Ad-Hoc|x64.ActiveCfg = Release|Any CPU
		{02672747-CCDA-4A31-82FC-C61C57174965}.Ad-Hoc|x64.Build.0 = Release|Any CPU
		{02672747-CCDA-4A31-82FC-C61C57174965}.Ad-Hoc|x64.Deploy.0 = Release|Any CPU
		{02672747-CCDA-4A31-82FC-C61C57174965}.Ad-Hoc|x86.ActiveCfg = Release|x86
		{02672747-CCDA-4A31-82FC-C61C57174965}.Ad-Hoc|x86.Build.0 = Release|x86
		{02672747-CCDA-4A31-82FC-C61C57174965}.Ad-Hoc|x86.Deploy.0 = Release|x86
		{02672747-CCDA-4A31-82FC-C61C57174965}.AppStore|Any CPU.ActiveCfg = Release|Any CPU
		{02672747-CCDA-4A31-82FC-C61C57174965}.AppStore|Any CPU.Build.0 = Release|Any CPU
		{02672747-CCDA-4A31-82FC-C61C57174965}.AppStore|Any CPU.Deploy.0 = Release|Any CPU
		{02672747-CCDA-4A31-82FC-C61C57174965}.AppStore|ARM.ActiveCfg = Release|ARM
		{02672747-CCDA-4A31-82FC-C61C57174965}.AppStore|ARM.Build.0 = Release|ARM
		{02672747-CCDA-4A31-82FC-C61C57174965}.AppStore|ARM.Deploy.0 = Release|ARM
		{02672747-CCDA-4A31-82FC-C61C57174965}.AppStore|iPhone.ActiveCfg = Release|Any CPU
		{02672747-CCDA-4A31-82FC-C61C57174965}.AppStore|iPhone.Build.0 = Release|Any CPU
		{02672747-CCDA-4A31-82FC-C61C57174965}.AppStore|iPhone.Deploy.0 = Release|Any CPU
		{02672747-CCDA-4A31-82FC-C61C57174965}.AppStore|iPhoneSimulator.ActiveCfg = Release|Any CPU
		{02672747-CCDA-4A31-82FC-C61C57174965}.AppStore|iPhoneSimulator.Build.0 = Release|Any CPU
		{02672747-CCDA-4A31-82FC-C61C57174965}.AppStore|iPhoneSimulator.Deploy.0 = Release|Any CPU
		{02672747-CCDA-4A31-82FC-C61C57174965}.AppStore|x64.ActiveCfg = Release|Any CPU
		{02672747-CCDA-4A31-82FC-C61C57174965}.AppStore|x64.Build.0 = Release|Any CPU
		{02672747-CCDA-4A31-82FC-C61C57174965}.AppStore|x64.Deploy.0 = Release|Any CPU
		{02672747-CCDA-4A31-82FC-C61C57174965}.AppStore|x86.ActiveCfg = Release|x86
		{02672747-CCDA-4A31-82FC-C61C57174965}.AppStore|x86.Build.0 = Release|x86
		{02672747-CCDA-4A31-82FC-C61C57174965}.AppStore|x86.Deploy.0 = Release|x86
		{02672747-CCDA-4A31-82FC-C61C57174965}.Debug|Any CPU.ActiveCfg = Debug|Any CPU
		{02672747-CCDA-4A31-82FC-C61C57174965}.Debug|Any CPU.Build.0 = Debug|Any CPU
		{02672747-CCDA-4A31-82FC-C61C57174965}.Debug|Any CPU.Deploy.0 = Debug|Any CPU
		{02672747-CCDA-4A31-82FC-C61C57174965}.Debug|ARM.ActiveCfg = Debug|ARM
		{02672747-CCDA-4A31-82FC-C61C57174965}.Debug|ARM.Build.0 = Debug|ARM
		{02672747-CCDA-4A31-82FC-C61C57174965}.Debug|ARM.Deploy.0 = Debug|ARM
		{02672747-CCDA-4A31-82FC-C61C57174965}.Debug|iPhone.ActiveCfg = Debug|Any CPU
		{02672747-CCDA-4A31-82FC-C61C57174965}.Debug|iPhone.Build.0 = Debug|Any CPU
		{02672747-CCDA-4A31-82FC-C61C57174965}.Debug|iPhone.Deploy.0 = Debug|Any CPU
		{02672747-CCDA-4A31-82FC-C61C57174965}.Debug|iPhoneSimulator.ActiveCfg = Debug|Any CPU
		{02672747-CCDA-4A31-82FC-C61C57174965}.Debug|iPhoneSimulator.Build.0 = Debug|Any CPU
		{02672747-CCDA-4A31-82FC-C61C57174965}.Debug|iPhoneSimulator.Deploy.0 = Debug|Any CPU
		{02672747-CCDA-4A31-82FC-C61C57174965}.Debug|x64.ActiveCfg = Debug|Any CPU
		{02672747-CCDA-4A31-82FC-C61C57174965}.Debug|x64.Build.0 = Debug|Any CPU
		{02672747-CCDA-4A31-82FC-C61C57174965}.Debug|x64.Deploy.0 = Debug|Any CPU
		{02672747-CCDA-4A31-82FC-C61C57174965}.Debug|x86.ActiveCfg = Debug|x86
		{02672747-CCDA-4A31-82FC-C61C57174965}.Debug|x86.Build.0 = Debug|x86
		{02672747-CCDA-4A31-82FC-C61C57174965}.Debug|x86.Deploy.0 = Debug|x86
		{02672747-CCDA-4A31-82FC-C61C57174965}.Release|Any CPU.ActiveCfg = Release|Any CPU
		{02672747-CCDA-4A31-82FC-C61C57174965}.Release|Any CPU.Build.0 = Release|Any CPU
		{02672747-CCDA-4A31-82FC-C61C57174965}.Release|Any CPU.Deploy.0 = Release|Any CPU
		{02672747-CCDA-4A31-82FC-C61C57174965}.Release|ARM.ActiveCfg = Release|ARM
		{02672747-CCDA-4A31-82FC-C61C57174965}.Release|ARM.Build.0 = Release|ARM
		{02672747-CCDA-4A31-82FC-C61C57174965}.Release|ARM.Deploy.0 = Release|ARM
		{02672747-CCDA-4A31-82FC-C61C57174965}.Release|iPhone.ActiveCfg = Release|Any CPU
		{02672747-CCDA-4A31-82FC-C61C57174965}.Release|iPhone.Build.0 = Release|Any CPU
		{02672747-CCDA-4A31-82FC-C61C57174965}.Release|iPhone.Deploy.0 = Release|Any CPU
		{02672747-CCDA-4A31-82FC-C61C57174965}.Release|iPhoneSimulator.ActiveCfg = Release|Any CPU
		{02672747-CCDA-4A31-82FC-C61C57174965}.Release|iPhoneSimulator.Build.0 = Release|Any CPU
		{02672747-CCDA-4A31-82FC-C61C57174965}.Release|iPhoneSimulator.Deploy.0 = Release|Any CPU
		{02672747-CCDA-4A31-82FC-C61C57174965}.Release|x64.ActiveCfg = Release|Any CPU
		{02672747-CCDA-4A31-82FC-C61C57174965}.Release|x64.Build.0 = Release|Any CPU
		{02672747-CCDA-4A31-82FC-C61C57174965}.Release|x64.Deploy.0 = Release|Any CPU
		{02672747-CCDA-4A31-82FC-C61C57174965}.Release|x86.ActiveCfg = Release|x86
		{02672747-CCDA-4A31-82FC-C61C57174965}.Release|x86.Build.0 = Release|x86
		{02672747-CCDA-4A31-82FC-C61C57174965}.Release|x86.Deploy.0 = Release|x86
		{2921C7D4-C3D2-45AC-A5EE-E80E557E2891}.Ad-Hoc|Any CPU.ActiveCfg = Release|x86
		{2921C7D4-C3D2-45AC-A5EE-E80E557E2891}.Ad-Hoc|Any CPU.Build.0 = Release|x86
		{2921C7D4-C3D2-45AC-A5EE-E80E557E2891}.Ad-Hoc|Any CPU.Deploy.0 = Release|x86
		{2921C7D4-C3D2-45AC-A5EE-E80E557E2891}.Ad-Hoc|ARM.ActiveCfg = Release|ARM
		{2921C7D4-C3D2-45AC-A5EE-E80E557E2891}.Ad-Hoc|ARM.Build.0 = Release|ARM
		{2921C7D4-C3D2-45AC-A5EE-E80E557E2891}.Ad-Hoc|ARM.Deploy.0 = Release|ARM
		{2921C7D4-C3D2-45AC-A5EE-E80E557E2891}.Ad-Hoc|iPhone.ActiveCfg = Release|x86
		{2921C7D4-C3D2-45AC-A5EE-E80E557E2891}.Ad-Hoc|iPhone.Build.0 = Release|x86
		{2921C7D4-C3D2-45AC-A5EE-E80E557E2891}.Ad-Hoc|iPhone.Deploy.0 = Release|x86
		{2921C7D4-C3D2-45AC-A5EE-E80E557E2891}.Ad-Hoc|iPhoneSimulator.ActiveCfg = Release|x86
		{2921C7D4-C3D2-45AC-A5EE-E80E557E2891}.Ad-Hoc|iPhoneSimulator.Build.0 = Release|x86
		{2921C7D4-C3D2-45AC-A5EE-E80E557E2891}.Ad-Hoc|iPhoneSimulator.Deploy.0 = Release|x86
		{2921C7D4-C3D2-45AC-A5EE-E80E557E2891}.Ad-Hoc|x64.ActiveCfg = Release|x64
		{2921C7D4-C3D2-45AC-A5EE-E80E557E2891}.Ad-Hoc|x64.Build.0 = Release|x64
		{2921C7D4-C3D2-45AC-A5EE-E80E557E2891}.Ad-Hoc|x64.Deploy.0 = Release|x64
		{2921C7D4-C3D2-45AC-A5EE-E80E557E2891}.Ad-Hoc|x86.ActiveCfg = Release|x86
		{2921C7D4-C3D2-45AC-A5EE-E80E557E2891}.Ad-Hoc|x86.Build.0 = Release|x86
		{2921C7D4-C3D2-45AC-A5EE-E80E557E2891}.Ad-Hoc|x86.Deploy.0 = Release|x86
		{2921C7D4-C3D2-45AC-A5EE-E80E557E2891}.AppStore|Any CPU.ActiveCfg = Release|x86
		{2921C7D4-C3D2-45AC-A5EE-E80E557E2891}.AppStore|Any CPU.Build.0 = Release|x86
		{2921C7D4-C3D2-45AC-A5EE-E80E557E2891}.AppStore|Any CPU.Deploy.0 = Release|x86
		{2921C7D4-C3D2-45AC-A5EE-E80E557E2891}.AppStore|ARM.ActiveCfg = Release|ARM
		{2921C7D4-C3D2-45AC-A5EE-E80E557E2891}.AppStore|ARM.Build.0 = Release|ARM
		{2921C7D4-C3D2-45AC-A5EE-E80E557E2891}.AppStore|ARM.Deploy.0 = Release|ARM
		{2921C7D4-C3D2-45AC-A5EE-E80E557E2891}.AppStore|iPhone.ActiveCfg = Release|x86
		{2921C7D4-C3D2-45AC-A5EE-E80E557E2891}.AppStore|iPhone.Build.0 = Release|x86
		{2921C7D4-C3D2-45AC-A5EE-E80E557E2891}.AppStore|iPhone.Deploy.0 = Release|x86
		{2921C7D4-C3D2-45AC-A5EE-E80E557E2891}.AppStore|iPhoneSimulator.ActiveCfg = Release|x86
		{2921C7D4-C3D2-45AC-A5EE-E80E557E2891}.AppStore|iPhoneSimulator.Build.0 = Release|x86
		{2921C7D4-C3D2-45AC-A5EE-E80E557E2891}.AppStore|iPhoneSimulator.Deploy.0 = Release|x86
		{2921C7D4-C3D2-45AC-A5EE-E80E557E2891}.AppStore|x64.ActiveCfg = Release|x64
		{2921C7D4-C3D2-45AC-A5EE-E80E557E2891}.AppStore|x64.Build.0 = Release|x64
		{2921C7D4-C3D2-45AC-A5EE-E80E557E2891}.AppStore|x64.Deploy.0 = Release|x64
		{2921C7D4-C3D2-45AC-A5EE-E80E557E2891}.AppStore|x86.ActiveCfg = Release|x86
		{2921C7D4-C3D2-45AC-A5EE-E80E557E2891}.AppStore|x86.Build.0 = Release|x86
		{2921C7D4-C3D2-45AC-A5EE-E80E557E2891}.AppStore|x86.Deploy.0 = Release|x86
		{2921C7D4-C3D2-45AC-A5EE-E80E557E2891}.Debug|Any CPU.ActiveCfg = Debug|x86
		{2921C7D4-C3D2-45AC-A5EE-E80E557E2891}.Debug|ARM.ActiveCfg = Debug|ARM
		{2921C7D4-C3D2-45AC-A5EE-E80E557E2891}.Debug|ARM.Build.0 = Debug|ARM
		{2921C7D4-C3D2-45AC-A5EE-E80E557E2891}.Debug|ARM.Deploy.0 = Debug|ARM
		{2921C7D4-C3D2-45AC-A5EE-E80E557E2891}.Debug|iPhone.ActiveCfg = Debug|x86
		{2921C7D4-C3D2-45AC-A5EE-E80E557E2891}.Debug|iPhoneSimulator.ActiveCfg = Debug|x86
		{2921C7D4-C3D2-45AC-A5EE-E80E557E2891}.Debug|x64.ActiveCfg = Debug|x64
		{2921C7D4-C3D2-45AC-A5EE-E80E557E2891}.Debug|x64.Build.0 = Debug|x64
		{2921C7D4-C3D2-45AC-A5EE-E80E557E2891}.Debug|x64.Deploy.0 = Debug|x64
		{2921C7D4-C3D2-45AC-A5EE-E80E557E2891}.Debug|x86.ActiveCfg = Debug|x86
		{2921C7D4-C3D2-45AC-A5EE-E80E557E2891}.Debug|x86.Build.0 = Debug|x86
		{2921C7D4-C3D2-45AC-A5EE-E80E557E2891}.Debug|x86.Deploy.0 = Debug|x86
		{2921C7D4-C3D2-45AC-A5EE-E80E557E2891}.Release|Any CPU.ActiveCfg = Release|x86
		{2921C7D4-C3D2-45AC-A5EE-E80E557E2891}.Release|ARM.ActiveCfg = Release|ARM
		{2921C7D4-C3D2-45AC-A5EE-E80E557E2891}.Release|ARM.Build.0 = Release|ARM
		{2921C7D4-C3D2-45AC-A5EE-E80E557E2891}.Release|ARM.Deploy.0 = Release|ARM
		{2921C7D4-C3D2-45AC-A5EE-E80E557E2891}.Release|iPhone.ActiveCfg = Release|x86
		{2921C7D4-C3D2-45AC-A5EE-E80E557E2891}.Release|iPhoneSimulator.ActiveCfg = Release|x86
		{2921C7D4-C3D2-45AC-A5EE-E80E557E2891}.Release|x64.ActiveCfg = Release|x64
		{2921C7D4-C3D2-45AC-A5EE-E80E557E2891}.Release|x64.Build.0 = Release|x64
		{2921C7D4-C3D2-45AC-A5EE-E80E557E2891}.Release|x64.Deploy.0 = Release|x64
		{2921C7D4-C3D2-45AC-A5EE-E80E557E2891}.Release|x86.ActiveCfg = Release|x86
		{2921C7D4-C3D2-45AC-A5EE-E80E557E2891}.Release|x86.Build.0 = Release|x86
		{2921C7D4-C3D2-45AC-A5EE-E80E557E2891}.Release|x86.Deploy.0 = Release|x86
		{1A6423DE-5F99-4F9C-A73A-6225C42BC02D}.Ad-Hoc|Any CPU.ActiveCfg = Release|Any CPU
		{1A6423DE-5F99-4F9C-A73A-6225C42BC02D}.Ad-Hoc|Any CPU.Build.0 = Release|Any CPU
		{1A6423DE-5F99-4F9C-A73A-6225C42BC02D}.Ad-Hoc|Any CPU.Deploy.0 = Release|Any CPU
		{1A6423DE-5F99-4F9C-A73A-6225C42BC02D}.Ad-Hoc|ARM.ActiveCfg = Release|ARM
		{1A6423DE-5F99-4F9C-A73A-6225C42BC02D}.Ad-Hoc|ARM.Build.0 = Release|ARM
		{1A6423DE-5F99-4F9C-A73A-6225C42BC02D}.Ad-Hoc|ARM.Deploy.0 = Release|ARM
		{1A6423DE-5F99-4F9C-A73A-6225C42BC02D}.Ad-Hoc|iPhone.ActiveCfg = Release|Any CPU
		{1A6423DE-5F99-4F9C-A73A-6225C42BC02D}.Ad-Hoc|iPhone.Build.0 = Release|Any CPU
		{1A6423DE-5F99-4F9C-A73A-6225C42BC02D}.Ad-Hoc|iPhone.Deploy.0 = Release|Any CPU
		{1A6423DE-5F99-4F9C-A73A-6225C42BC02D}.Ad-Hoc|iPhoneSimulator.ActiveCfg = Release|Any CPU
		{1A6423DE-5F99-4F9C-A73A-6225C42BC02D}.Ad-Hoc|iPhoneSimulator.Build.0 = Release|Any CPU
		{1A6423DE-5F99-4F9C-A73A-6225C42BC02D}.Ad-Hoc|iPhoneSimulator.Deploy.0 = Release|Any CPU
		{1A6423DE-5F99-4F9C-A73A-6225C42BC02D}.Ad-Hoc|x64.ActiveCfg = Release|x64
		{1A6423DE-5F99-4F9C-A73A-6225C42BC02D}.Ad-Hoc|x64.Build.0 = Release|x64
		{1A6423DE-5F99-4F9C-A73A-6225C42BC02D}.Ad-Hoc|x64.Deploy.0 = Release|x64
		{1A6423DE-5F99-4F9C-A73A-6225C42BC02D}.Ad-Hoc|x86.ActiveCfg = Release|x86
		{1A6423DE-5F99-4F9C-A73A-6225C42BC02D}.Ad-Hoc|x86.Build.0 = Release|x86
		{1A6423DE-5F99-4F9C-A73A-6225C42BC02D}.Ad-Hoc|x86.Deploy.0 = Release|x86
		{1A6423DE-5F99-4F9C-A73A-6225C42BC02D}.AppStore|Any CPU.ActiveCfg = Release|Any CPU
		{1A6423DE-5F99-4F9C-A73A-6225C42BC02D}.AppStore|Any CPU.Build.0 = Release|Any CPU
		{1A6423DE-5F99-4F9C-A73A-6225C42BC02D}.AppStore|Any CPU.Deploy.0 = Release|Any CPU
		{1A6423DE-5F99-4F9C-A73A-6225C42BC02D}.AppStore|ARM.ActiveCfg = Release|ARM
		{1A6423DE-5F99-4F9C-A73A-6225C42BC02D}.AppStore|ARM.Build.0 = Release|ARM
		{1A6423DE-5F99-4F9C-A73A-6225C42BC02D}.AppStore|ARM.Deploy.0 = Release|ARM
		{1A6423DE-5F99-4F9C-A73A-6225C42BC02D}.AppStore|iPhone.ActiveCfg = Release|Any CPU
		{1A6423DE-5F99-4F9C-A73A-6225C42BC02D}.AppStore|iPhone.Build.0 = Release|Any CPU
		{1A6423DE-5F99-4F9C-A73A-6225C42BC02D}.AppStore|iPhone.Deploy.0 = Release|Any CPU
		{1A6423DE-5F99-4F9C-A73A-6225C42BC02D}.AppStore|iPhoneSimulator.ActiveCfg = Release|Any CPU
		{1A6423DE-5F99-4F9C-A73A-6225C42BC02D}.AppStore|iPhoneSimulator.Build.0 = Release|Any CPU
		{1A6423DE-5F99-4F9C-A73A-6225C42BC02D}.AppStore|iPhoneSimulator.Deploy.0 = Release|Any CPU
		{1A6423DE-5F99-4F9C-A73A-6225C42BC02D}.AppStore|x64.ActiveCfg = Release|x64
		{1A6423DE-5F99-4F9C-A73A-6225C42BC02D}.AppStore|x64.Build.0 = Release|x64
		{1A6423DE-5F99-4F9C-A73A-6225C42BC02D}.AppStore|x64.Deploy.0 = Release|x64
		{1A6423DE-5F99-4F9C-A73A-6225C42BC02D}.AppStore|x86.ActiveCfg = Release|x86
		{1A6423DE-5F99-4F9C-A73A-6225C42BC02D}.AppStore|x86.Build.0 = Release|x86
		{1A6423DE-5F99-4F9C-A73A-6225C42BC02D}.AppStore|x86.Deploy.0 = Release|x86
		{1A6423DE-5F99-4F9C-A73A-6225C42BC02D}.Debug|Any CPU.ActiveCfg = Debug|Any CPU
		{1A6423DE-5F99-4F9C-A73A-6225C42BC02D}.Debug|Any CPU.Build.0 = Debug|Any CPU
		{1A6423DE-5F99-4F9C-A73A-6225C42BC02D}.Debug|Any CPU.Deploy.0 = Debug|Any CPU
		{1A6423DE-5F99-4F9C-A73A-6225C42BC02D}.Debug|ARM.ActiveCfg = Debug|ARM
		{1A6423DE-5F99-4F9C-A73A-6225C42BC02D}.Debug|ARM.Build.0 = Debug|ARM
		{1A6423DE-5F99-4F9C-A73A-6225C42BC02D}.Debug|ARM.Deploy.0 = Debug|ARM
		{1A6423DE-5F99-4F9C-A73A-6225C42BC02D}.Debug|iPhone.ActiveCfg = Debug|Any CPU
		{1A6423DE-5F99-4F9C-A73A-6225C42BC02D}.Debug|iPhone.Build.0 = Debug|Any CPU
		{1A6423DE-5F99-4F9C-A73A-6225C42BC02D}.Debug|iPhone.Deploy.0 = Debug|Any CPU
		{1A6423DE-5F99-4F9C-A73A-6225C42BC02D}.Debug|iPhoneSimulator.ActiveCfg = Debug|Any CPU
		{1A6423DE-5F99-4F9C-A73A-6225C42BC02D}.Debug|iPhoneSimulator.Build.0 = Debug|Any CPU
		{1A6423DE-5F99-4F9C-A73A-6225C42BC02D}.Debug|iPhoneSimulator.Deploy.0 = Debug|Any CPU
		{1A6423DE-5F99-4F9C-A73A-6225C42BC02D}.Debug|x64.ActiveCfg = Debug|x64
		{1A6423DE-5F99-4F9C-A73A-6225C42BC02D}.Debug|x64.Build.0 = Debug|x64
		{1A6423DE-5F99-4F9C-A73A-6225C42BC02D}.Debug|x64.Deploy.0 = Debug|x64
		{1A6423DE-5F99-4F9C-A73A-6225C42BC02D}.Debug|x86.ActiveCfg = Debug|x86
		{1A6423DE-5F99-4F9C-A73A-6225C42BC02D}.Debug|x86.Build.0 = Debug|x86
		{1A6423DE-5F99-4F9C-A73A-6225C42BC02D}.Debug|x86.Deploy.0 = Debug|x86
		{1A6423DE-5F99-4F9C-A73A-6225C42BC02D}.Release|Any CPU.ActiveCfg = Release|Any CPU
		{1A6423DE-5F99-4F9C-A73A-6225C42BC02D}.Release|Any CPU.Build.0 = Release|Any CPU
		{1A6423DE-5F99-4F9C-A73A-6225C42BC02D}.Release|Any CPU.Deploy.0 = Release|Any CPU
		{1A6423DE-5F99-4F9C-A73A-6225C42BC02D}.Release|ARM.ActiveCfg = Release|ARM
		{1A6423DE-5F99-4F9C-A73A-6225C42BC02D}.Release|ARM.Build.0 = Release|ARM
		{1A6423DE-5F99-4F9C-A73A-6225C42BC02D}.Release|ARM.Deploy.0 = Release|ARM
		{1A6423DE-5F99-4F9C-A73A-6225C42BC02D}.Release|iPhone.ActiveCfg = Release|Any CPU
		{1A6423DE-5F99-4F9C-A73A-6225C42BC02D}.Release|iPhone.Build.0 = Release|Any CPU
		{1A6423DE-5F99-4F9C-A73A-6225C42BC02D}.Release|iPhone.Deploy.0 = Release|Any CPU
		{1A6423DE-5F99-4F9C-A73A-6225C42BC02D}.Release|iPhoneSimulator.ActiveCfg = Release|Any CPU
		{1A6423DE-5F99-4F9C-A73A-6225C42BC02D}.Release|iPhoneSimulator.Build.0 = Release|Any CPU
		{1A6423DE-5F99-4F9C-A73A-6225C42BC02D}.Release|iPhoneSimulator.Deploy.0 = Release|Any CPU
		{1A6423DE-5F99-4F9C-A73A-6225C42BC02D}.Release|x64.ActiveCfg = Release|x64
		{1A6423DE-5F99-4F9C-A73A-6225C42BC02D}.Release|x64.Build.0 = Release|x64
		{1A6423DE-5F99-4F9C-A73A-6225C42BC02D}.Release|x64.Deploy.0 = Release|x64
		{1A6423DE-5F99-4F9C-A73A-6225C42BC02D}.Release|x86.ActiveCfg = Release|x86
		{1A6423DE-5F99-4F9C-A73A-6225C42BC02D}.Release|x86.Build.0 = Release|x86
		{1A6423DE-5F99-4F9C-A73A-6225C42BC02D}.Release|x86.Deploy.0 = Release|x86
	EndGlobalSection
	GlobalSection(SolutionProperties) = preSolution
		HideSolutionNode = FALSE
	EndGlobalSection
EndGlobal
